
Microsoft Visual Studio Solution File, Format Version 12.00
# Visual Studio Version 17
VisualStudioVersion = 17.11.35327.3
MinimumVisualStudioVersion = 10.0.40219.1
Project("{9A19103F-16F7-4668-BE54-9A1E7A4F7556}") = "JobPortal.Application", "JobPostingAPI.Application\JobPortal.Application.csproj", "{DAB8B44C-A5AD-416E-B3C1-41468FAE6A33}"
EndProject
Project("{9A19103F-16F7-4668-BE54-9A1E7A4F7556}") = "JobPortal.Domain", "JobPostingAPI.Domain\JobPortal.Domain.csproj", "{2BF076F5-1D61-4A63-B3D3-B5946C2F2A9C}"
EndProject
Project("{9A19103F-16F7-4668-BE54-9A1E7A4F7556}") = "JobPortal.Infrastructure", "JobPostingAPI.Infrastructure\JobPortal.Infrastructure.csproj", "{AE793596-B52F-4E8A-80D8-3E424BEB4512}"
EndProject
Project("{9A19103F-16F7-4668-BE54-9A1E7A4F7556}") = "JobPortal.Tests", "JobPostingAPI.Tests\JobPortal.Tests.csproj", "{C0E68BFA-D060-47F2-937F-2C6ACEB8CA3C}"
EndProject
Project("{FAE04EC0-301F-11D3-BF4B-00C04F79EFBC}") = "JobPortal.API", "JobPortal.API\JobPortal.API.csproj", "{551F568C-9AC9-4D45-B78D-25C34F2421B3}"
EndProject
Global
	GlobalSection(SolutionConfigurationPlatforms) = preSolution
		Debug|Any CPU = Debug|Any CPU
		Release|Any CPU = Release|Any CPU
	EndGlobalSection
	GlobalSection(ProjectConfigurationPlatforms) = postSolution
		{DAB8B44C-A5AD-416E-B3C1-41468FAE6A33}.Debug|Any CPU.ActiveCfg = Debug|Any CPU
		{DAB8B44C-A5AD-416E-B3C1-41468FAE6A33}.Debug|Any CPU.Build.0 = Debug|Any CPU
		{DAB8B44C-A5AD-416E-B3C1-41468FAE6A33}.Release|Any CPU.ActiveCfg = Release|Any CPU
		{DAB8B44C-A5AD-416E-B3C1-41468FAE6A33}.Release|Any CPU.Build.0 = Release|Any CPU
		{2BF076F5-1D61-4A63-B3D3-B5946C2F2A9C}.Debug|Any CPU.ActiveCfg = Debug|Any CPU
		{2BF076F5-1D61-4A63-B3D3-B5946C2F2A9C}.Debug|Any CPU.Build.0 = Debug|Any CPU
		{2BF076F5-1D61-4A63-B3D3-B5946C2F2A9C}.Release|Any CPU.ActiveCfg = Release|Any CPU
		{2BF076F5-1D61-4A63-B3D3-B5946C2F2A9C}.Release|Any CPU.Build.0 = Release|Any CPU
		{AE793596-B52F-4E8A-80D8-3E424BEB4512}.Debug|Any CPU.ActiveCfg = Debug|Any CPU
		{AE793596-B52F-4E8A-80D8-3E424BEB4512}.Debug|Any CPU.Build.0 = Debug|Any CPU
		{AE793596-B52F-4E8A-80D8-3E424BEB4512}.Release|Any CPU.ActiveCfg = Release|Any CPU
		{AE793596-B52F-4E8A-80D8-3E424BEB4512}.Release|Any CPU.Build.0 = Release|Any CPU
		{C0E68BFA-D060-47F2-937F-2C6ACEB8CA3C}.Debug|Any CPU.ActiveCfg = Debug|Any CPU
		{C0E68BFA-D060-47F2-937F-2C6ACEB8CA3C}.Debug|Any CPU.Build.0 = Debug|Any CPU
		{C0E68BFA-D060-47F2-937F-2C6ACEB8CA3C}.Release|Any CPU.ActiveCfg = Release|Any CPU
		{C0E68BFA-D060-47F2-937F-2C6ACEB8CA3C}.Release|Any CPU.Build.0 = Release|Any CPU
		{551F568C-9AC9-4D45-B78D-25C34F2421B3}.Debug|Any CPU.ActiveCfg = Debug|Any CPU
		{551F568C-9AC9-4D45-B78D-25C34F2421B3}.Debug|Any CPU.Build.0 = Debug|Any CPU
		{551F568C-9AC9-4D45-B78D-25C34F2421B3}.Release|Any CPU.ActiveCfg = Release|Any CPU
		{551F568C-9AC9-4D45-B78D-25C34F2421B3}.Release|Any CPU.Build.0 = Release|Any CPU
	EndGlobalSection
	GlobalSection(SolutionProperties) = preSolution
		HideSolutionNode = FALSE
	EndGlobalSection
	GlobalSection(ExtensibilityGlobals) = postSolution
		SolutionGuid = {5ECA2303-AC9A-4A2F-BB05-BBC7A3A34C7A}
	EndGlobalSection
EndGlobal
